
Microsoft Visual Studio Solution File, Format Version 12.00
# Visual Studio 15
VisualStudioVersion = 15.0.28010.2016
MinimumVisualStudioVersion = 10.0.40219.1
Project("{8BC9CEB8-8B4A-11D0-8D11-00A0C91BC942}") = "HelloWorld", "HelloWorld\HelloWorld.vcxproj", "{F9E8FC69-D86C-4BDF-A9AA-351047D0BE33}"
EndProject
Project("{8BC9CEB8-8B4A-11D0-8D11-00A0C91BC942}") = "PocoThreadPoolPlay", "PocoThreadPoolPlay\PocoThreadPoolPlay.vcxproj", "{029B8E5E-1A37-4A96-AC9A-258C2F43BC61}"
EndProject
Project("{8BC9CEB8-8B4A-11D0-8D11-00A0C91BC942}") = "PocoThreadPlay", "PocoThreadPlay\PocoThreadPlay.vcxproj", "{17474221-D21C-4EE3-9606-CC8412DE9A01}"
EndProject
Project("{8BC9CEB8-8B4A-11D0-8D11-00A0C91BC942}") = "PocoTaskManagerPlay", "PocoTaskManagerPlay\PocoTaskManagerPlay.vcxproj", "{29CB1182-63A3-4778-A86F-C197A8215973}"
EndProject
Project("{8BC9CEB8-8B4A-11D0-8D11-00A0C91BC942}") = "Poco.ThreadEvent.Play", "Poco.ThreadEvent.Play\Poco.ThreadEvent.Play.vcxproj", "{17BC43FB-21CF-49EC-A4D6-AF1042853058}"
EndProject
Global
	GlobalSection(SolutionConfigurationPlatforms) = preSolution
		Debug|x64 = Debug|x64
		Debug|x86 = Debug|x86
		Release|x64 = Release|x64
		Release|x86 = Release|x86
	EndGlobalSection
	GlobalSection(ProjectConfigurationPlatforms) = postSolution
		{F9E8FC69-D86C-4BDF-A9AA-351047D0BE33}.Debug|x64.ActiveCfg = Debug|x64
		{F9E8FC69-D86C-4BDF-A9AA-351047D0BE33}.Debug|x64.Build.0 = Debug|x64
		{F9E8FC69-D86C-4BDF-A9AA-351047D0BE33}.Debug|x86.ActiveCfg = Debug|Win32
		{F9E8FC69-D86C-4BDF-A9AA-351047D0BE33}.Debug|x86.Build.0 = Debug|Win32
		{F9E8FC69-D86C-4BDF-A9AA-351047D0BE33}.Release|x64.ActiveCfg = Release|x64
		{F9E8FC69-D86C-4BDF-A9AA-351047D0BE33}.Release|x64.Build.0 = Release|x64
		{F9E8FC69-D86C-4BDF-A9AA-351047D0BE33}.Release|x86.ActiveCfg = Release|Win32
		{F9E8FC69-D86C-4BDF-A9AA-351047D0BE33}.Release|x86.Build.0 = Release|Win32
		{029B8E5E-1A37-4A96-AC9A-258C2F43BC61}.Debug|x64.ActiveCfg = Debug|x64
		{029B8E5E-1A37-4A96-AC9A-258C2F43BC61}.Debug|x64.Build.0 = Debug|x64
		{029B8E5E-1A37-4A96-AC9A-258C2F43BC61}.Debug|x86.ActiveCfg = Debug|Win32
		{029B8E5E-1A37-4A96-AC9A-258C2F43BC61}.Debug|x86.Build.0 = Debug|Win32
		{029B8E5E-1A37-4A96-AC9A-258C2F43BC61}.Release|x64.ActiveCfg = Release|x64
		{029B8E5E-1A37-4A96-AC9A-258C2F43BC61}.Release|x64.Build.0 = Release|x64
		{029B8E5E-1A37-4A96-AC9A-258C2F43BC61}.Release|x86.ActiveCfg = Release|Win32
		{029B8E5E-1A37-4A96-AC9A-258C2F43BC61}.Release|x86.Build.0 = Release|Win32
		{17474221-D21C-4EE3-9606-CC8412DE9A01}.Debug|x64.ActiveCfg = Debug|x64
		{17474221-D21C-4EE3-9606-CC8412DE9A01}.Debug|x64.Build.0 = Debug|x64
		{17474221-D21C-4EE3-9606-CC8412DE9A01}.Debug|x86.ActiveCfg = Debug|Win32
		{17474221-D21C-4EE3-9606-CC8412DE9A01}.Debug|x86.Build.0 = Debug|Win32
		{17474221-D21C-4EE3-9606-CC8412DE9A01}.Release|x64.ActiveCfg = Release|x64
		{17474221-D21C-4EE3-9606-CC8412DE9A01}.Release|x64.Build.0 = Release|x64
		{17474221-D21C-4EE3-9606-CC8412DE9A01}.Release|x86.ActiveCfg = Release|Win32
		{17474221-D21C-4EE3-9606-CC8412DE9A01}.Release|x86.Build.0 = Release|Win32
		{29CB1182-63A3-4778-A86F-C197A8215973}.Debug|x64.ActiveCfg = Debug|x64
		{29CB1182-63A3-4778-A86F-C197A8215973}.Debug|x64.Build.0 = Debug|x64
		{29CB1182-63A3-4778-A86F-C197A8215973}.Debug|x86.ActiveCfg = Debug|Win32
		{29CB1182-63A3-4778-A86F-C197A8215973}.Debug|x86.Build.0 = Debug|Win32
		{29CB1182-63A3-4778-A86F-C197A8215973}.Release|x64.ActiveCfg = Release|x64
		{29CB1182-63A3-4778-A86F-C197A8215973}.Release|x64.Build.0 = Release|x64
		{29CB1182-63A3-4778-A86F-C197A8215973}.Release|x86.ActiveCfg = Release|Win32
		{29CB1182-63A3-4778-A86F-C197A8215973}.Release|x86.Build.0 = Release|Win32
		{17BC43FB-21CF-49EC-A4D6-AF1042853058}.Debug|x64.ActiveCfg = Debug|x64
		{17BC43FB-21CF-49EC-A4D6-AF1042853058}.Debug|x64.Build.0 = Debug|x64
		{17BC43FB-21CF-49EC-A4D6-AF1042853058}.Debug|x86.ActiveCfg = Debug|Win32
		{17BC43FB-21CF-49EC-A4D6-AF1042853058}.Debug|x86.Build.0 = Debug|Win32
		{17BC43FB-21CF-49EC-A4D6-AF1042853058}.Release|x64.ActiveCfg = Release|x64
		{17BC43FB-21CF-49EC-A4D6-AF1042853058}.Release|x64.Build.0 = Release|x64
		{17BC43FB-21CF-49EC-A4D6-AF1042853058}.Release|x86.ActiveCfg = Release|Win32
		{17BC43FB-21CF-49EC-A4D6-AF1042853058}.Release|x86.Build.0 = Release|Win32
	EndGlobalSection
	GlobalSection(SolutionProperties) = preSolution
		HideSolutionNode = FALSE
	EndGlobalSection
	GlobalSection(ExtensibilityGlobals) = postSolution
		SolutionGuid = {215891BB-063B-4D25-89C6-510B6F39A762}
	EndGlobalSection
EndGlobal
